// !$*UTF8*$!
{
	archiveVersion = 1;
	classes = {
	};
	objectVersion = 46;
	objects = {

/* Begin PBXBuildFile section */
		0EBB473FED3D259F54222F88 /* libPods.a in Frameworks */ = {isa = PBXBuildFile; fileRef = 149FAB1AA83B271C7F29B41F /* libPods.a */; };
		685A2C1E1A5BABDB00BE2123 /* main.m in Sources */ = {isa = PBXBuildFile; fileRef = 685A2C1D1A5BABDB00BE2123 /* main.m */; };
		685A2C211A5BABDB00BE2123 /* AppDelegate.m in Sources */ = {isa = PBXBuildFile; fileRef = 685A2C201A5BABDB00BE2123 /* AppDelegate.m */; };
		685A2C241A5BABDB00BE2123 /* ViewController.m in Sources */ = {isa = PBXBuildFile; fileRef = 685A2C231A5BABDB00BE2123 /* ViewController.m */; };
		685A2C271A5BABDB00BE2123 /* Main.storyboard in Resources */ = {isa = PBXBuildFile; fileRef = 685A2C251A5BABDB00BE2123 /* Main.storyboard */; };
		685A2C291A5BABDB00BE2123 /* Images.xcassets in Resources */ = {isa = PBXBuildFile; fileRef = 685A2C281A5BABDB00BE2123 /* Images.xcassets */; };
		685A2C2C1A5BABDB00BE2123 /* LaunchScreen.xib in Resources */ = {isa = PBXBuildFile; fileRef = 685A2C2A1A5BABDB00BE2123 /* LaunchScreen.xib */; };
		685A2C381A5BABDB00BE2123 /* SignalCastTests.m in Sources */ = {isa = PBXBuildFile; fileRef = 685A2C371A5BABDB00BE2123 /* SignalCastTests.m */; };
/* End PBXBuildFile section */

/* Begin PBXContainerItemProxy section */
		685A2C321A5BABDB00BE2123 /* PBXContainerItemProxy */ = {
			isa = PBXContainerItemProxy;
			containerPortal = 685A2C101A5BABDB00BE2123 /* Project object */;
			proxyType = 1;
			remoteGlobalIDString = 685A2C171A5BABDB00BE2123;
			remoteInfo = SignalCast;
		};
/* End PBXContainerItemProxy section */

/* Begin PBXFileReference section */
		149FAB1AA83B271C7F29B41F /* libPods.a */ = {isa = PBXFileReference; explicitFileType = archive.ar; includeInIndex = 0; path = libPods.a; sourceTree = BUILT_PRODUCTS_DIR; };
		57DA8A01ABC6123103C911E6 /* Pods.release.xcconfig */ = {isa = PBXFileReference; includeInIndex = 1; lastKnownFileType = text.xcconfig; name = Pods.release.xcconfig; path = "Pods/Target Support Files/Pods/Pods.release.xcconfig"; sourceTree = "<group>"; };
		685A2C181A5BABDB00BE2123 /* SignalCast.app */ = {isa = PBXFileReference; explicitFileType = wrapper.application; includeInIndex = 0; path = SignalCast.app; sourceTree = BUILT_PRODUCTS_DIR; };
		685A2C1C1A5BABDB00BE2123 /* Info.plist */ = {isa = PBXFileReference; lastKnownFileType = text.plist.xml; path = Info.plist; sourceTree = "<group>"; };
		685A2C1D1A5BABDB00BE2123 /* main.m */ = {isa = PBXFileReference; lastKnownFileType = sourcecode.c.objc; path = main.m; sourceTree = "<group>"; };
		685A2C1F1A5BABDB00BE2123 /* AppDelegate.h */ = {isa = PBXFileReference; lastKnownFileType = sourcecode.c.h; path = AppDelegate.h; sourceTree = "<group>"; };
		685A2C201A5BABDB00BE2123 /* AppDelegate.m */ = {isa = PBXFileReference; lastKnownFileType = sourcecode.c.objc; path = AppDelegate.m; sourceTree = "<group>"; };
		685A2C221A5BABDB00BE2123 /* ViewController.h */ = {isa = PBXFileReference; lastKnownFileType = sourcecode.c.h; path = ViewController.h; sourceTree = "<group>"; };
		685A2C231A5BABDB00BE2123 /* ViewController.m */ = {isa = PBXFileReference; lastKnownFileType = sourcecode.c.objc; path = ViewController.m; sourceTree = "<group>"; };
		685A2C261A5BABDB00BE2123 /* Base */ = {isa = PBXFileReference; lastKnownFileType = file.storyboard; name = Base; path = Base.lproj/Main.storyboard; sourceTree = "<group>"; };
		685A2C281A5BABDB00BE2123 /* Images.xcassets */ = {isa = PBXFileReference; lastKnownFileType = folder.assetcatalog; path = Images.xcassets; sourceTree = "<group>"; };
		685A2C2B1A5BABDB00BE2123 /* Base */ = {isa = PBXFileReference; lastKnownFileType = file.xib; name = Base; path = Base.lproj/LaunchScreen.xib; sourceTree = "<group>"; };
		685A2C311A5BABDB00BE2123 /* SignalCastTests.xctest */ = {isa = PBXFileReference; explicitFileType = wrapper.cfbundle; includeInIndex = 0; path = SignalCastTests.xctest; sourceTree = BUILT_PRODUCTS_DIR; };
		685A2C361A5BABDB00BE2123 /* Info.plist */ = {isa = PBXFileReference; lastKnownFileType = text.plist.xml; path = Info.plist; sourceTree = "<group>"; };
		685A2C371A5BABDB00BE2123 /* SignalCastTests.m */ = {isa = PBXFileReference; lastKnownFileType = sourcecode.c.objc; path = SignalCastTests.m; sourceTree = "<group>"; };
		696A0EEC390455EF405D37AB /* Pods.debug.xcconfig */ = {isa = PBXFileReference; includeInIndex = 1; lastKnownFileType = text.xcconfig; name = Pods.debug.xcconfig; path = "Pods/Target Support Files/Pods/Pods.debug.xcconfig"; sourceTree = "<group>"; };
/* End PBXFileReference section */

/* Begin PBXFrameworksBuildPhase section */
		685A2C151A5BABDB00BE2123 /* Frameworks */ = {
			isa = PBXFrameworksBuildPhase;
			buildActionMask = 2147483647;
			files = (
				0EBB473FED3D259F54222F88 /* libPods.a in Frameworks */,
			);
			runOnlyForDeploymentPostprocessing = 0;
		};
		685A2C2E1A5BABDB00BE2123 /* Frameworks */ = {
			isa = PBXFrameworksBuildPhase;
			buildActionMask = 2147483647;
			files = (
			);
			runOnlyForDeploymentPostprocessing = 0;
		};
/* End PBXFrameworksBuildPhase section */

/* Begin PBXGroup section */
		685A2C0F1A5BABDB00BE2123 = {
			isa = PBXGroup;
			children = (
				685A2C1A1A5BABDB00BE2123 /* SignalCast */,
				685A2C341A5BABDB00BE2123 /* SignalCastTests */,
				685A2C191A5BABDB00BE2123 /* Products */,
				6D7FD0CC9887BAAAF226A033 /* Pods */,
				8104A4A0E1B51F321F24BA14 /* Frameworks */,
			);
			sourceTree = "<group>";
		};
		685A2C191A5BABDB00BE2123 /* Products */ = {
			isa = PBXGroup;
			children = (
				685A2C181A5BABDB00BE2123 /* SignalCast.app */,
				685A2C311A5BABDB00BE2123 /* SignalCastTests.xctest */,
			);
			name = Products;
			sourceTree = "<group>";
		};
		685A2C1A1A5BABDB00BE2123 /* SignalCast */ = {
			isa = PBXGroup;
			children = (
				685A2C1F1A5BABDB00BE2123 /* AppDelegate.h */,
				685A2C201A5BABDB00BE2123 /* AppDelegate.m */,
				685A2C221A5BABDB00BE2123 /* ViewController.h */,
				685A2C231A5BABDB00BE2123 /* ViewController.m */,
				685A2C251A5BABDB00BE2123 /* Main.storyboard */,
				685A2C281A5BABDB00BE2123 /* Images.xcassets */,
				685A2C2A1A5BABDB00BE2123 /* LaunchScreen.xib */,
				685A2C1B1A5BABDB00BE2123 /* Supporting Files */,
			);
			path = SignalCast;
			sourceTree = "<group>";
		};
		685A2C1B1A5BABDB00BE2123 /* Supporting Files */ = {
			isa = PBXGroup;
			children = (
				685A2C1C1A5BABDB00BE2123 /* Info.plist */,
				685A2C1D1A5BABDB00BE2123 /* main.m */,
			);
			name = "Supporting Files";
			sourceTree = "<group>";
		};
		685A2C341A5BABDB00BE2123 /* SignalCastTests */ = {
			isa = PBXGroup;
			children = (
				685A2C371A5BABDB00BE2123 /* SignalCastTests.m */,
				685A2C351A5BABDB00BE2123 /* Supporting Files */,
			);
			path = SignalCastTests;
			sourceTree = "<group>";
		};
		685A2C351A5BABDB00BE2123 /* Supporting Files */ = {
			isa = PBXGroup;
			children = (
				685A2C361A5BABDB00BE2123 /* Info.plist */,
			);
			name = "Supporting Files";
			sourceTree = "<group>";
		};
		6D7FD0CC9887BAAAF226A033 /* Pods */ = {
			isa = PBXGroup;
			children = (
				696A0EEC390455EF405D37AB /* Pods.debug.xcconfig */,
				57DA8A01ABC6123103C911E6 /* Pods.release.xcconfig */,
			);
			name = Pods;
			sourceTree = "<group>";
		};
		8104A4A0E1B51F321F24BA14 /* Frameworks */ = {
			isa = PBXGroup;
			children = (
				149FAB1AA83B271C7F29B41F /* libPods.a */,
			);
			name = Frameworks;
			sourceTree = "<group>";
		};
/* End PBXGroup section */

/* Begin PBXNativeTarget section */
		685A2C171A5BABDB00BE2123 /* SignalCast */ = {
			isa = PBXNativeTarget;
			buildConfigurationList = 685A2C3B1A5BABDB00BE2123 /* Build configuration list for PBXNativeTarget "SignalCast" */;
			buildPhases = (
				9C9863E45E9C58C0DFF4602B /* Check Pods Manifest.lock */,
				685A2C141A5BABDB00BE2123 /* Sources */,
				685A2C151A5BABDB00BE2123 /* Frameworks */,
				685A2C161A5BABDB00BE2123 /* Resources */,
				F1564808BF15836F7A8502DC /* Copy Pods Resources */,
			);
			buildRules = (
			);
			dependencies = (
			);
			name = SignalCast;
			productName = SignalCast;
			productReference = 685A2C181A5BABDB00BE2123 /* SignalCast.app */;
			productType = "com.apple.product-type.application";
		};
		685A2C301A5BABDB00BE2123 /* SignalCastTests */ = {
			isa = PBXNativeTarget;
			buildConfigurationList = 685A2C3E1A5BABDB00BE2123 /* Build configuration list for PBXNativeTarget "SignalCastTests" */;
			buildPhases = (
				685A2C2D1A5BABDB00BE2123 /* Sources */,
				685A2C2E1A5BABDB00BE2123 /* Frameworks */,
				685A2C2F1A5BABDB00BE2123 /* Resources */,
			);
			buildRules = (
			);
			dependencies = (
				685A2C331A5BABDB00BE2123 /* PBXTargetDependency */,
			);
			name = SignalCastTests;
			productName = SignalCastTests;
			productReference = 685A2C311A5BABDB00BE2123 /* SignalCastTests.xctest */;
			productType = "com.apple.product-type.bundle.unit-test";
		};
/* End PBXNativeTarget section */

/* Begin PBXProject section */
		685A2C101A5BABDB00BE2123 /* Project object */ = {
			isa = PBXProject;
			attributes = {
				LastUpgradeCheck = 0610;
				ORGANIZATIONNAME = bobiechen;
				TargetAttributes = {
					685A2C171A5BABDB00BE2123 = {
						CreatedOnToolsVersion = 6.1.1;
					};
					685A2C301A5BABDB00BE2123 = {
						CreatedOnToolsVersion = 6.1.1;
						TestTargetID = 685A2C171A5BABDB00BE2123;
					};
				};
			};
			buildConfigurationList = 685A2C131A5BABDB00BE2123 /* Build configuration list for PBXProject "SignalCast" */;
			compatibilityVersion = "Xcode 3.2";
			developmentRegion = English;
			hasScannedForEncodings = 0;
			knownRegions = (
				en,
				Base,
			);
			mainGroup = 685A2C0F1A5BABDB00BE2123;
			productRefGroup = 685A2C191A5BABDB00BE2123 /* Products */;
			projectDirPath = "";
			projectRoot = "";
			targets = (
				685A2C171A5BABDB00BE2123 /* SignalCast */,
				685A2C301A5BABDB00BE2123 /* SignalCastTests */,
			);
		};
/* End PBXProject section */

/* Begin PBXResourcesBuildPhase section */
		685A2C161A5BABDB00BE2123 /* Resources */ = {
			isa = PBXResourcesBuildPhase;
			buildActionMask = 2147483647;
			files = (
				685A2C271A5BABDB00BE2123 /* Main.storyboard in Resources */,
				685A2C2C1A5BABDB00BE2123 /* LaunchScreen.xib in Resources */,
				685A2C291A5BABDB00BE2123 /* Images.xcassets in Resources */,
			);
			runOnlyForDeploymentPostprocessing = 0;
		};
		685A2C2F1A5BABDB00BE2123 /* Resources */ = {
			isa = PBXResourcesBuildPhase;
			buildActionMask = 2147483647;
			files = (
			);
			runOnlyForDeploymentPostprocessing = 0;
		};
/* End PBXResourcesBuildPhase section */

/* Begin PBXShellScriptBuildPhase section */
		9C9863E45E9C58C0DFF4602B /* Check Pods Manifest.lock */ = {
			isa = PBXShellScriptBuildPhase;
			buildActionMask = 2147483647;
			files = (
			);
			inputPaths = (
			);
			name = "Check Pods Manifest.lock";
			outputPaths = (
			);
			runOnlyForDeploymentPostprocessing = 0;
			shellPath = /bin/sh;
			shellScript = "diff \"${PODS_ROOT}/../Podfile.lock\" \"${PODS_ROOT}/Manifest.lock\" > /dev/null\nif [[ $? != 0 ]] ; then\n    cat << EOM\nerror: The sandbox is not in sync with the Podfile.lock. Run 'pod install' or update your CocoaPods installation.\nEOM\n    exit 1\nfi\n";
			showEnvVarsInLog = 0;
		};
		F1564808BF15836F7A8502DC /* Copy Pods Resources */ = {
			isa = PBXShellScriptBuildPhase;
			buildActionMask = 2147483647;
			files = (
			);
			inputPaths = (
			);
			name = "Copy Pods Resources";
			outputPaths = (
			);
			runOnlyForDeploymentPostprocessing = 0;
			shellPath = /bin/sh;
			shellScript = "\"${SRCROOT}/Pods/Target Support Files/Pods/Pods-resources.sh\"\n";
			showEnvVarsInLog = 0;
		};
/* End PBXShellScriptBuildPhase section */

/* Begin PBXSourcesBuildPhase section */
		685A2C141A5BABDB00BE2123 /* Sources */ = {
			isa = PBXSourcesBuildPhase;
			buildActionMask = 2147483647;
			files = (
				685A2C241A5BABDB00BE2123 /* ViewController.m in Sources */,
				685A2C211A5BABDB00BE2123 /* AppDelegate.m in Sources */,
				685A2C1E1A5BABDB00BE2123 /* main.m in Sources */,
			);
			runOnlyForDeploymentPostprocessing = 0;
		};
		685A2C2D1A5BABDB00BE2123 /* Sources */ = {
			isa = PBXSourcesBuildPhase;
			buildActionMask = 2147483647;
			files = (
				685A2C381A5BABDB00BE2123 /* SignalCastTests.m in Sources */,
			);
			runOnlyForDeploymentPostprocessing = 0;
		};
/* End PBXSourcesBuildPhase section */

/* Begin PBXTargetDependency section */
		685A2C331A5BABDB00BE2123 /* PBXTargetDependency */ = {
			isa = PBXTargetDependency;
			target = 685A2C171A5BABDB00BE2123 /* SignalCast */;
			targetProxy = 685A2C321A5BABDB00BE2123 /* PBXContainerItemProxy */;
		};
/* End PBXTargetDependency section */

/* Begin PBXVariantGroup section */
		685A2C251A5BABDB00BE2123 /* Main.storyboard */ = {
			isa = PBXVariantGroup;
			children = (
				685A2C261A5BABDB00BE2123 /* Base */,
			);
			name = Main.storyboard;
			sourceTree = "<group>";
		};
		685A2C2A1A5BABDB00BE2123 /* LaunchScreen.xib */ = {
			isa = PBXVariantGroup;
			children = (
				685A2C2B1A5BABDB00BE2123 /* Base */,
			);
			name = LaunchScreen.xib;
			sourceTree = "<group>";
		};
/* End PBXVariantGroup section */

/* Begin XCBuildConfiguration section */
		685A2C391A5BABDB00BE2123 /* Debug */ = {
			isa = XCBuildConfiguration;
			buildSettings = {
				ALWAYS_SEARCH_USER_PATHS = NO;
				CLANG_CXX_LANGUAGE_STANDARD = "gnu++0x";
				CLANG_CXX_LIBRARY = "libc++";
				CLANG_ENABLE_MODULES = YES;
				CLANG_ENABLE_OBJC_ARC = YES;
				CLANG_WARN_BOOL_CONVERSION = YES;
				CLANG_WARN_CONSTANT_CONVERSION = YES;
				CLANG_WARN_DIRECT_OBJC_ISA_USAGE = YES_ERROR;
				CLANG_WARN_EMPTY_BODY = YES;
				CLANG_WARN_ENUM_CONVERSION = YES;
				CLANG_WARN_INT_CONVERSION = YES;
				CLANG_WARN_OBJC_ROOT_CLASS = YES_ERROR;
				CLANG_WARN_UNREACHABLE_CODE = YES;
				CLANG_WARN__DUPLICATE_METHOD_MATCH = YES;
				"CODE_SIGN_IDENTITY[sdk=iphoneos*]" = "iPhone Developer";
				COPY_PHASE_STRIP = NO;
				ENABLE_STRICT_OBJC_MSGSEND = YES;
				GCC_C_LANGUAGE_STANDARD = gnu99;
				GCC_DYNAMIC_NO_PIC = NO;
				GCC_OPTIMIZATION_LEVEL = 0;
				GCC_PREPROCESSOR_DEFINITIONS = (
					"DEBUG=1",
					"$(inherited)",
				);
				GCC_SYMBOLS_PRIVATE_EXTERN = NO;
				GCC_WARN_64_TO_32_BIT_CONVERSION = YES;
				GCC_WARN_ABOUT_RETURN_TYPE = YES_ERROR;
				GCC_WARN_UNDECLARED_SELECTOR = YES;
				GCC_WARN_UNINITIALIZED_AUTOS = YES_AGGRESSIVE;
				GCC_WARN_UNUSED_FUNCTION = YES;
				GCC_WARN_UNUSED_VARIABLE = YES;
				IPHONEOS_DEPLOYMENT_TARGET = 8.1;
				MTL_ENABLE_DEBUG_INFO = YES;
				ONLY_ACTIVE_ARCH = YES;
				SDKROOT = iphoneos;
				TARGETED_DEVICE_FAMILY = "1,2";
			};
			name = Debug;
		};
		685A2C3A1A5BABDB00BE2123 /* Release */ = {
			isa = XCBuildConfiguration;
			buildSettings = {
				ALWAYS_SEARCH_USER_PATHS = NO;
				CLANG_CXX_LANGUAGE_STANDARD = "gnu++0x";
				CLANG_CXX_LIBRARY = "libc++";
				CLANG_ENABLE_MODULES = YES;
				CLANG_ENABLE_OBJC_ARC = YES;
				CLANG_WARN_BOOL_CONVERSION = YES;
				CLANG_WARN_CONSTANT_CONVERSION = YES;
				CLANG_WARN_DIRECT_OBJC_ISA_USAGE = YES_ERROR;
				CLANG_WARN_EMPTY_BODY = YES;
				CLANG_WARN_ENUM_CONVERSION = YES;
				CLANG_WARN_INT_CONVERSION = YES;
				CLANG_WARN_OBJC_ROOT_CLASS = YES_ERROR;
				CLANG_WARN_UNREACHABLE_CODE = YES;
				CLANG_WARN__DUPLICATE_METHOD_MATCH = YES;
				"CODE_SIGN_IDENTITY[sdk=iphoneos*]" = "iPhone Developer";
				COPY_PHASE_STRIP = YES;
				ENABLE_NS_ASSERTIONS = NO;
				ENABLE_STRICT_OBJC_MSGSEND = YES;
				GCC_C_LANGUAGE_STANDARD = gnu99;
				GCC_WARN_64_TO_32_BIT_CONVERSION = YES;
				GCC_WARN_ABOUT_RETURN_TYPE = YES_ERROR;
				GCC_WARN_UNDECLARED_SELECTOR = YES;
				GCC_WARN_UNINITIALIZED_AUTOS = YES_AGGRESSIVE;
				GCC_WARN_UNUSED_FUNCTION = YES;
				GCC_WARN_UNUSED_VARIABLE = YES;
				IPHONEOS_DEPLOYMENT_TARGET = 8.1;
				MTL_ENABLE_DEBUG_INFO = NO;
				SDKROOT = iphoneos;
				TARGETED_DEVICE_FAMILY = "1,2";
				VALIDATE_PRODUCT = YES;
			};
			name = Release;
		};
		685A2C3C1A5BABDB00BE2123 /* Debug */ = {
			isa = XCBuildConfiguration;
			baseConfigurationReference = 696A0EEC390455EF405D37AB /* Pods.debug.xcconfig */;
			buildSettings = {
				ASSETCATALOG_COMPILER_APPICON_NAME = AppIcon;
				INFOPLIST_FILE = SignalCast/Info.plist;
				LD_RUNPATH_SEARCH_PATHS = "$(inherited) @executable_path/Frameworks";
				PRODUCT_NAME = "$(TARGET_NAME)";
			};
			name = Debug;
		};
		685A2C3D1A5BABDB00BE2123 /* Release */ = {
			isa = XCBuildConfiguration;
			baseConfigurationReference = 57DA8A01ABC6123103C911E6 /* Pods.release.xcconfig */;
			buildSettings = {
				ASSETCATALOG_COMPILER_APPICON_NAME = AppIcon;
				INFOPLIST_FILE = SignalCast/Info.plist;
				LD_RUNPATH_SEARCH_PATHS = "$(inherited) @executable_path/Frameworks";
				PRODUCT_NAME = "$(TARGET_NAME)";
			};
			name = Release;
		};
		685A2C3F1A5BABDB00BE2123 /* Debug */ = {
			isa = XCBuildConfiguration;
			buildSettings = {
				BUNDLE_LOADER = "$(TEST_HOST)";
				FRAMEWORK_SEARCH_PATHS = (
					"$(SDKROOT)/Developer/Library/Frameworks",
					"$(inherited)",
				);
				GCC_PREPROCESSOR_DEFINITIONS = (
					"DEBUG=1",
					"$(inherited)",
				);
				INFOPLIST_FILE = SignalCastTests/Info.plist;
				LD_RUNPATH_SEARCH_PATHS = "$(inherited) @executable_path/Frameworks @loader_path/Frameworks";
				PRODUCT_NAME = "$(TARGET_NAME)";
				TEST_HOST = "$(BUILT_PRODUCTS_DIR)/SignalCast.app/SignalCast";
			};
			name = Debug;
		};
		685A2C401A5BABDB00BE2123 /* Release */ = {
			isa = XCBuildConfiguration;
			buildSettings = {
				BUNDLE_LOADER = "$(TEST_HOST)";
				FRAMEWORK_SEARCH_PATHS = (
					"$(SDKROOT)/Developer/Library/Frameworks",
					"$(inherited)",
				);
				INFOPLIST_FILE = SignalCastTests/Info.plist;
				LD_RUNPATH_SEARCH_PATHS = "$(inherited) @executable_path/Frameworks @loader_path/Frameworks";
				PRODUCT_NAME = "$(TARGET_NAME)";
				TEST_HOST = "$(BUILT_PRODUCTS_DIR)/SignalCast.app/SignalCast";
			};
			name = Release;
		};
/* End XCBuildConfiguration section */

/* Begin XCConfigurationList section */
		685A2C131A5BABDB00BE2123 /* Build configuration list for PBXProject "SignalCast" */ = {
			isa = XCConfigurationList;
			buildConfigurations = (
				685A2C391A5BABDB00BE2123 /* Debug */,
				685A2C3A1A5BABDB00BE2123 /* Release */,
			);
			defaultConfigurationIsVisible = 0;
			defaultConfigurationName = Release;
		};
		685A2C3B1A5BABDB00BE2123 /* Build configuration list for PBXNativeTarget "SignalCast" */ = {
			isa = XCConfigurationList;
			buildConfigurations = (
				685A2C3C1A5BABDB00BE2123 /* Debug */,
				685A2C3D1A5BABDB00BE2123 /* Release */,
			);
			defaultConfigurationIsVisible = 0;
			defaultConfigurationName = Release;
		};
		685A2C3E1A5BABDB00BE2123 /* Build configuration list for PBXNativeTarget "SignalCastTests" */ = {
			isa = XCConfigurationList;
			buildConfigurations = (
				685A2C3F1A5BABDB00BE2123 /* Debug */,
				685A2C401A5BABDB00BE2123 /* Release */,
			);
			defaultConfigurationIsVisible = 0;
			defaultConfigurationName = Release;
		};
/* End XCConfigurationList section */
	};
	rootObject = 685A2C101A5BABDB00BE2123 /* Project object */;
}
